
Microsoft Visual Studio Solution File, Format Version 12.00
# Visual Studio 15
VisualStudioVersion = 15.0.28307.168
MinimumVisualStudioVersion = 10.0.40219.1
Project("{FAE04EC0-301F-11D3-BF4B-00C04F79EFBC}") = "SistemWalter", "SistemWalter\SistemWalter.csproj", "{B3FBB244-CB6A-48F3-A970-AE4A3B8FB04E}"
EndProject
Global
	GlobalSection(SolutionConfigurationPlatforms) = preSolution
		Debug|Any CPU = Debug|Any CPU
		Release|Any CPU = Release|Any CPU
	EndGlobalSection
	GlobalSection(ProjectConfigurationPlatforms) = postSolution
		{B3FBB244-CB6A-48F3-A970-AE4A3B8FB04E}.Debug|Any CPU.ActiveCfg = Debug|Any CPU
		{B3FBB244-CB6A-48F3-A970-AE4A3B8FB04E}.Debug|Any CPU.Build.0 = Debug|Any CPU
		{B3FBB244-CB6A-48F3-A970-AE4A3B8FB04E}.Release|Any CPU.ActiveCfg = Release|Any CPU
		{B3FBB244-CB6A-48F3-A970-AE4A3B8FB04E}.Release|Any CPU.Build.0 = Release|Any CPU
	EndGlobalSection
	GlobalSection(SolutionProperties) = preSolution
		HideSolutionNode = FALSE
	EndGlobalSection
	GlobalSection(ExtensibilityGlobals) = postSolution
		SolutionGuid = {C1E5D27C-D218-4652-B5C9-D0F047A52C54}
	EndGlobalSection
EndGlobal
